// !$*UTF8*$!
{
	archiveVersion = 1;
	classes = {
	};
	objectVersion = 48;
	objects = {

/* Begin PBXBuildFile section */
		43193ADE20FD17F300BCD2FD /* AppDelegate.swift in Sources */ = {isa = PBXBuildFile; fileRef = 43193ADD20FD17F300BCD2FD /* AppDelegate.swift */; };
		43193AE020FD17F300BCD2FD /* ViewController.swift in Sources */ = {isa = PBXBuildFile; fileRef = 43193ADF20FD17F300BCD2FD /* ViewController.swift */; };
		43193AE320FD17F300BCD2FD /* Main.storyboard in Resources */ = {isa = PBXBuildFile; fileRef = 43193AE120FD17F300BCD2FD /* Main.storyboard */; };
		43193AE520FD17F300BCD2FD /* Assets.xcassets in Resources */ = {isa = PBXBuildFile; fileRef = 43193AE420FD17F300BCD2FD /* Assets.xcassets */; };
		43193AE820FD17F300BCD2FD /* LaunchScreen.storyboard in Resources */ = {isa = PBXBuildFile; fileRef = 43193AE620FD17F300BCD2FD /* LaunchScreen.storyboard */; };
		43193AF320FD17F300BCD2FD /* codes_Tests.swift in Sources */ = {isa = PBXBuildFile; fileRef = 43193AF220FD17F300BCD2FD /* codes_Tests.swift */; };
		43193AFE20FD17F300BCD2FD /* codes_UITests.swift in Sources */ = {isa = PBXBuildFile; fileRef = 43193AFD20FD17F300BCD2FD /* codes_UITests.swift */; };
		43193B0C20FD19FD00BCD2FD /* SecondViewController.swift in Sources */ = {isa = PBXBuildFile; fileRef = 43193B0B20FD19FD00BCD2FD /* SecondViewController.swift */; };
/* End PBXBuildFile section */

/* Begin PBXContainerItemProxy section */
		43193AEF20FD17F300BCD2FD /* PBXContainerItemProxy */ = {
			isa = PBXContainerItemProxy;
			containerPortal = 43193AD220FD17F300BCD2FD /* Project object */;
			proxyType = 1;
			remoteGlobalIDString = 43193AD920FD17F300BCD2FD;
			remoteInfo = "codes>";
		};
		43193AFA20FD17F300BCD2FD /* PBXContainerItemProxy */ = {
			isa = PBXContainerItemProxy;
			containerPortal = 43193AD220FD17F300BCD2FD /* Project object */;
			proxyType = 1;
			remoteGlobalIDString = 43193AD920FD17F300BCD2FD;
			remoteInfo = "codes>";
		};
/* End PBXContainerItemProxy section */

/* Begin PBXFileReference section */
		43193ADA20FD17F300BCD2FD /* codes>.app */ = {isa = PBXFileReference; explicitFileType = wrapper.application; includeInIndex = 0; path = "codes>.app"; sourceTree = BUILT_PRODUCTS_DIR; };
		43193ADD20FD17F300BCD2FD /* AppDelegate.swift */ = {isa = PBXFileReference; lastKnownFileType = sourcecode.swift; path = AppDelegate.swift; sourceTree = "<group>"; };
		43193ADF20FD17F300BCD2FD /* ViewController.swift */ = {isa = PBXFileReference; lastKnownFileType = sourcecode.swift; path = ViewController.swift; sourceTree = "<group>"; };
		43193AE220FD17F300BCD2FD /* Base */ = {isa = PBXFileReference; lastKnownFileType = file.storyboard; name = Base; path = Base.lproj/Main.storyboard; sourceTree = "<group>"; };
		43193AE420FD17F300BCD2FD /* Assets.xcassets */ = {isa = PBXFileReference; lastKnownFileType = folder.assetcatalog; path = Assets.xcassets; sourceTree = "<group>"; };
		43193AE720FD17F300BCD2FD /* Base */ = {isa = PBXFileReference; lastKnownFileType = file.storyboard; name = Base; path = Base.lproj/LaunchScreen.storyboard; sourceTree = "<group>"; };
		43193AE920FD17F300BCD2FD /* Info.plist */ = {isa = PBXFileReference; lastKnownFileType = text.plist.xml; path = Info.plist; sourceTree = "<group>"; };
		43193AEE20FD17F300BCD2FD /* codes>Tests.xctest */ = {isa = PBXFileReference; explicitFileType = wrapper.cfbundle; includeInIndex = 0; path = "codes>Tests.xctest"; sourceTree = BUILT_PRODUCTS_DIR; };
		43193AF220FD17F300BCD2FD /* codes_Tests.swift */ = {isa = PBXFileReference; lastKnownFileType = sourcecode.swift; path = codes_Tests.swift; sourceTree = "<group>"; };
		43193AF420FD17F300BCD2FD /* Info.plist */ = {isa = PBXFileReference; lastKnownFileType = text.plist.xml; path = Info.plist; sourceTree = "<group>"; };
		43193AF920FD17F300BCD2FD /* codes>UITests.xctest */ = {isa = PBXFileReference; explicitFileType = wrapper.cfbundle; includeInIndex = 0; path = "codes>UITests.xctest"; sourceTree = BUILT_PRODUCTS_DIR; };
		43193AFD20FD17F300BCD2FD /* codes_UITests.swift */ = {isa = PBXFileReference; lastKnownFileType = sourcecode.swift; path = codes_UITests.swift; sourceTree = "<group>"; };
		43193AFF20FD17F300BCD2FD /* Info.plist */ = {isa = PBXFileReference; lastKnownFileType = text.plist.xml; path = Info.plist; sourceTree = "<group>"; };
		43193B0B20FD19FD00BCD2FD /* SecondViewController.swift */ = {isa = PBXFileReference; lastKnownFileType = sourcecode.swift; path = SecondViewController.swift; sourceTree = "<group>"; };
/* End PBXFileReference section */

/* Begin PBXFrameworksBuildPhase section */
		43193AD720FD17F300BCD2FD /* Frameworks */ = {
			isa = PBXFrameworksBuildPhase;
			buildActionMask = 2147483647;
			files = (
			);
			runOnlyForDeploymentPostprocessing = 0;
		};
		43193AEB20FD17F300BCD2FD /* Frameworks */ = {
			isa = PBXFrameworksBuildPhase;
			buildActionMask = 2147483647;
			files = (
			);
			runOnlyForDeploymentPostprocessing = 0;
		};
		43193AF620FD17F300BCD2FD /* Frameworks */ = {
			isa = PBXFrameworksBuildPhase;
			buildActionMask = 2147483647;
			files = (
			);
			runOnlyForDeploymentPostprocessing = 0;
		};
/* End PBXFrameworksBuildPhase section */

/* Begin PBXGroup section */
		43193AD120FD17F300BCD2FD = {
			isa = PBXGroup;
			children = (
				43193ADC20FD17F300BCD2FD /* codes> */,
				43193AF120FD17F300BCD2FD /* codes>Tests */,
				43193AFC20FD17F300BCD2FD /* codes>UITests */,
				43193ADB20FD17F300BCD2FD /* Products */,
			);
			sourceTree = "<group>";
		};
		43193ADB20FD17F300BCD2FD /* Products */ = {
			isa = PBXGroup;
			children = (
				43193ADA20FD17F300BCD2FD /* codes>.app */,
				43193AEE20FD17F300BCD2FD /* codes>Tests.xctest */,
				43193AF920FD17F300BCD2FD /* codes>UITests.xctest */,
			);
			name = Products;
			sourceTree = "<group>";
		};
		43193ADC20FD17F300BCD2FD /* codes> */ = {
			isa = PBXGroup;
			children = (
				43193ADD20FD17F300BCD2FD /* AppDelegate.swift */,
				43193ADF20FD17F300BCD2FD /* ViewController.swift */,
				43193AE120FD17F300BCD2FD /* Main.storyboard */,
				43193B0B20FD19FD00BCD2FD /* SecondViewController.swift */,
				43193AE420FD17F300BCD2FD /* Assets.xcassets */,
				43193AE620FD17F300BCD2FD /* LaunchScreen.storyboard */,
				43193AE920FD17F300BCD2FD /* Info.plist */,
			);
			path = "codes>";
			sourceTree = "<group>";
		};
		43193AF120FD17F300BCD2FD /* codes>Tests */ = {
			isa = PBXGroup;
			children = (
				43193AF220FD17F300BCD2FD /* codes_Tests.swift */,
				43193AF420FD17F300BCD2FD /* Info.plist */,
			);
			path = "codes>Tests";
			sourceTree = "<group>";
		};
		43193AFC20FD17F300BCD2FD /* codes>UITests */ = {
			isa = PBXGroup;
			children = (
				43193AFD20FD17F300BCD2FD /* codes_UITests.swift */,
				43193AFF20FD17F300BCD2FD /* Info.plist */,
			);
			path = "codes>UITests";
			sourceTree = "<group>";
		};
/* End PBXGroup section */

/* Begin PBXNativeTarget section */
		43193AD920FD17F300BCD2FD /* codes> */ = {
			isa = PBXNativeTarget;
			buildConfigurationList = 43193B0220FD17F300BCD2FD /* Build configuration list for PBXNativeTarget "codes>" */;
			buildPhases = (
				43193AD620FD17F300BCD2FD /* Sources */,
				43193AD720FD17F300BCD2FD /* Frameworks */,
				43193AD820FD17F300BCD2FD /* Resources */,
			);
			buildRules = (
			);
			dependencies = (
			);
			name = "codes>";
			productName = "codes>";
			productReference = 43193ADA20FD17F300BCD2FD /* codes>.app */;
			productType = "com.apple.product-type.application";
		};
		43193AED20FD17F300BCD2FD /* codes>Tests */ = {
			isa = PBXNativeTarget;
			buildConfigurationList = 43193B0520FD17F300BCD2FD /* Build configuration list for PBXNativeTarget "codes>Tests" */;
			buildPhases = (
				43193AEA20FD17F300BCD2FD /* Sources */,
				43193AEB20FD17F300BCD2FD /* Frameworks */,
				43193AEC20FD17F300BCD2FD /* Resources */,
			);
			buildRules = (
			);
			dependencies = (
				43193AF020FD17F300BCD2FD /* PBXTargetDependency */,
			);
			name = "codes>Tests";
			productName = "codes>Tests";
			productReference = 43193AEE20FD17F300BCD2FD /* codes>Tests.xctest */;
			productType = "com.apple.product-type.bundle.unit-test";
		};
		43193AF820FD17F300BCD2FD /* codes>UITests */ = {
			isa = PBXNativeTarget;
			buildConfigurationList = 43193B0820FD17F300BCD2FD /* Build configuration list for PBXNativeTarget "codes>UITests" */;
			buildPhases = (
				43193AF520FD17F300BCD2FD /* Sources */,
				43193AF620FD17F300BCD2FD /* Frameworks */,
				43193AF720FD17F300BCD2FD /* Resources */,
			);
			buildRules = (
			);
			dependencies = (
				43193AFB20FD17F300BCD2FD /* PBXTargetDependency */,
			);
			name = "codes>UITests";
			productName = "codes>UITests";
			productReference = 43193AF920FD17F300BCD2FD /* codes>UITests.xctest */;
			productType = "com.apple.product-type.bundle.ui-testing";
		};
/* End PBXNativeTarget section */

/* Begin PBXProject section */
		43193AD220FD17F300BCD2FD /* Project object */ = {
			isa = PBXProject;
			attributes = {
				LastSwiftUpdateCheck = 0920;
				LastUpgradeCheck = 0920;
				ORGANIZATIONNAME = "FinleyKnight, Inc.";
				TargetAttributes = {
					43193AD920FD17F300BCD2FD = {
						CreatedOnToolsVersion = 9.2;
						ProvisioningStyle = Automatic;
					};
					43193AED20FD17F300BCD2FD = {
						CreatedOnToolsVersion = 9.2;
						ProvisioningStyle = Automatic;
						TestTargetID = 43193AD920FD17F300BCD2FD;
					};
					43193AF820FD17F300BCD2FD = {
						CreatedOnToolsVersion = 9.2;
						ProvisioningStyle = Automatic;
						TestTargetID = 43193AD920FD17F300BCD2FD;
					};
				};
			};
			buildConfigurationList = 43193AD520FD17F300BCD2FD /* Build configuration list for PBXProject "codes>" */;
			compatibilityVersion = "Xcode 8.0";
			developmentRegion = en;
			hasScannedForEncodings = 0;
			knownRegions = (
				en,
				Base,
			);
			mainGroup = 43193AD120FD17F300BCD2FD;
			productRefGroup = 43193ADB20FD17F300BCD2FD /* Products */;
			projectDirPath = "";
			projectRoot = "";
			targets = (
				43193AD920FD17F300BCD2FD /* codes> */,
				43193AED20FD17F300BCD2FD /* codes>Tests */,
				43193AF820FD17F300BCD2FD /* codes>UITests */,
			);
		};
/* End PBXProject section */

/* Begin PBXResourcesBuildPhase section */
		43193AD820FD17F300BCD2FD /* Resources */ = {
			isa = PBXResourcesBuildPhase;
			buildActionMask = 2147483647;
			files = (
				43193AE820FD17F300BCD2FD /* LaunchScreen.storyboard in Resources */,
				43193AE520FD17F300BCD2FD /* Assets.xcassets in Resources */,
				43193AE320FD17F300BCD2FD /* Main.storyboard in Resources */,
			);
			runOnlyForDeploymentPostprocessing = 0;
		};
		43193AEC20FD17F300BCD2FD /* Resources */ = {
			isa = PBXResourcesBuildPhase;
			buildActionMask = 2147483647;
			files = (
			);
			runOnlyForDeploymentPostprocessing = 0;
		};
		43193AF720FD17F300BCD2FD /* Resources */ = {
			isa = PBXResourcesBuildPhase;
			buildActionMask = 2147483647;
			files = (
			);
			runOnlyForDeploymentPostprocessing = 0;
		};
/* End PBXResourcesBuildPhase section */

/* Begin PBXSourcesBuildPhase section */
		43193AD620FD17F300BCD2FD /* Sources */ = {
			isa = PBXSourcesBuildPhase;
			buildActionMask = 2147483647;
			files = (
				43193B0C20FD19FD00BCD2FD /* SecondViewController.swift in Sources */,
				43193AE020FD17F300BCD2FD /* ViewController.swift in Sources */,
				43193ADE20FD17F300BCD2FD /* AppDelegate.swift in Sources */,
			);
			runOnlyForDeploymentPostprocessing = 0;
		};
		43193AEA20FD17F300BCD2FD /* Sources */ = {
			isa = PBXSourcesBuildPhase;
			buildActionMask = 2147483647;
			files = (
				43193AF320FD17F300BCD2FD /* codes_Tests.swift in Sources */,
			);
			runOnlyForDeploymentPostprocessing = 0;
		};
		43193AF520FD17F300BCD2FD /* Sources */ = {
			isa = PBXSourcesBuildPhase;
			buildActionMask = 2147483647;
			files = (
				43193AFE20FD17F300BCD2FD /* codes_UITests.swift in Sources */,
			);
			runOnlyForDeploymentPostprocessing = 0;
		};
/* End PBXSourcesBuildPhase section */

/* Begin PBXTargetDependency section */
		43193AF020FD17F300BCD2FD /* PBXTargetDependency */ = {
			isa = PBXTargetDependency;
			target = 43193AD920FD17F300BCD2FD /* codes> */;
			targetProxy = 43193AEF20FD17F300BCD2FD /* PBXContainerItemProxy */;
		};
		43193AFB20FD17F300BCD2FD /* PBXTargetDependency */ = {
			isa = PBXTargetDependency;
			target = 43193AD920FD17F300BCD2FD /* codes> */;
			targetProxy = 43193AFA20FD17F300BCD2FD /* PBXContainerItemProxy */;
		};
/* End PBXTargetDependency section */

/* Begin PBXVariantGroup section */
		43193AE120FD17F300BCD2FD /* Main.storyboard */ = {
			isa = PBXVariantGroup;
			children = (
				43193AE220FD17F300BCD2FD /* Base */,
			);
			name = Main.storyboard;
			sourceTree = "<group>";
		};
		43193AE620FD17F300BCD2FD /* LaunchScreen.storyboard */ = {
			isa = PBXVariantGroup;
			children = (
				43193AE720FD17F300BCD2FD /* Base */,
			);
			name = LaunchScreen.storyboard;
			sourceTree = "<group>";
		};
/* End PBXVariantGroup section */

/* Begin XCBuildConfiguration section */
		43193B0020FD17F300BCD2FD /* Debug */ = {
			isa = XCBuildConfiguration;
			buildSettings = {
				ALWAYS_SEARCH_USER_PATHS = NO;
				CLANG_ANALYZER_NONNULL = YES;
				CLANG_ANALYZER_NUMBER_OBJECT_CONVERSION = YES_AGGRESSIVE;
				CLANG_CXX_LANGUAGE_STANDARD = "gnu++14";
				CLANG_CXX_LIBRARY = "libc++";
				CLANG_ENABLE_MODULES = YES;
				CLANG_ENABLE_OBJC_ARC = YES;
				CLANG_WARN_BLOCK_CAPTURE_AUTORELEASING = YES;
				CLANG_WARN_BOOL_CONVERSION = YES;
				CLANG_WARN_COMMA = YES;
				CLANG_WARN_CONSTANT_CONVERSION = YES;
				CLANG_WARN_DIRECT_OBJC_ISA_USAGE = YES_ERROR;
				CLANG_WARN_DOCUMENTATION_COMMENTS = YES;
				CLANG_WARN_EMPTY_BODY = YES;
				CLANG_WARN_ENUM_CONVERSION = YES;
				CLANG_WARN_INFINITE_RECURSION = YES;
				CLANG_WARN_INT_CONVERSION = YES;
				CLANG_WARN_NON_LITERAL_NULL_CONVERSION = YES;
				CLANG_WARN_OBJC_LITERAL_CONVERSION = YES;
				CLANG_WARN_OBJC_ROOT_CLASS = YES_ERROR;
				CLANG_WARN_RANGE_LOOP_ANALYSIS = YES;
				CLANG_WARN_STRICT_PROTOTYPES = YES;
				CLANG_WARN_SUSPICIOUS_MOVE = YES;
				CLANG_WARN_UNGUARDED_AVAILABILITY = YES_AGGRESSIVE;
				CLANG_WARN_UNREACHABLE_CODE = YES;
				CLANG_WARN__DUPLICATE_METHOD_MATCH = YES;
				CODE_SIGN_IDENTITY = "iPhone Developer";
				COPY_PHASE_STRIP = NO;
				DEBUG_INFORMATION_FORMAT = dwarf;
				ENABLE_STRICT_OBJC_MSGSEND = YES;
				ENABLE_TESTABILITY = YES;
				GCC_C_LANGUAGE_STANDARD = gnu11;
				GCC_DYNAMIC_NO_PIC = NO;
				GCC_NO_COMMON_BLOCKS = YES;
				GCC_OPTIMIZATION_LEVEL = 0;
				GCC_PREPROCESSOR_DEFINITIONS = (
					"DEBUG=1",
					"$(inherited)",
				);
				GCC_WARN_64_TO_32_BIT_CONVERSION = YES;
				GCC_WARN_ABOUT_RETURN_TYPE = YES_ERROR;
				GCC_WARN_UNDECLARED_SELECTOR = YES;
				GCC_WARN_UNINITIALIZED_AUTOS = YES_AGGRESSIVE;
				GCC_WARN_UNUSED_FUNCTION = YES;
				GCC_WARN_UNUSED_VARIABLE = YES;
				IPHONEOS_DEPLOYMENT_TARGET = 11.2;
				MTL_ENABLE_DEBUG_INFO = YES;
				ONLY_ACTIVE_ARCH = YES;
				SDKROOT = iphoneos;
				SWIFT_ACTIVE_COMPILATION_CONDITIONS = DEBUG;
				SWIFT_OPTIMIZATION_LEVEL = "-Onone";
			};
			name = Debug;
		};
		43193B0120FD17F300BCD2FD /* Release */ = {
			isa = XCBuildConfiguration;
			buildSettings = {
				ALWAYS_SEARCH_USER_PATHS = NO;
				CLANG_ANALYZER_NONNULL = YES;
				CLANG_ANALYZER_NUMBER_OBJECT_CONVERSION = YES_AGGRESSIVE;
				CLANG_CXX_LANGUAGE_STANDARD = "gnu++14";
				CLANG_CXX_LIBRARY = "libc++";
				CLANG_ENABLE_MODULES = YES;
				CLANG_ENABLE_OBJC_ARC = YES;
				CLANG_WARN_BLOCK_CAPTURE_AUTORELEASING = YES;
				CLANG_WARN_BOOL_CONVERSION = YES;
				CLANG_WARN_COMMA = YES;
				CLANG_WARN_CONSTANT_CONVERSION = YES;
				CLANG_WARN_DIRECT_OBJC_ISA_USAGE = YES_ERROR;
				CLANG_WARN_DOCUMENTATION_COMMENTS = YES;
				CLANG_WARN_EMPTY_BODY = YES;
				CLANG_WARN_ENUM_CONVERSION = YES;
				CLANG_WARN_INFINITE_RECURSION = YES;
				CLANG_WARN_INT_CONVERSION = YES;
				CLANG_WARN_NON_LITERAL_NULL_CONVERSION = YES;
				CLANG_WARN_OBJC_LITERAL_CONVERSION = YES;
				CLANG_WARN_OBJC_ROOT_CLASS = YES_ERROR;
				CLANG_WARN_RANGE_LOOP_ANALYSIS = YES;
				CLANG_WARN_STRICT_PROTOTYPES = YES;
				CLANG_WARN_SUSPICIOUS_MOVE = YES;
				CLANG_WARN_UNGUARDED_AVAILABILITY = YES_AGGRESSIVE;
				CLANG_WARN_UNREACHABLE_CODE = YES;
				CLANG_WARN__DUPLICATE_METHOD_MATCH = YES;
				CODE_SIGN_IDENTITY = "iPhone Developer";
				COPY_PHASE_STRIP = NO;
				DEBUG_INFORMATION_FORMAT = "dwarf-with-dsym";
				ENABLE_NS_ASSERTIONS = NO;
				ENABLE_STRICT_OBJC_MSGSEND = YES;
				GCC_C_LANGUAGE_STANDARD = gnu11;
				GCC_NO_COMMON_BLOCKS = YES;
				GCC_WARN_64_TO_32_BIT_CONVERSION = YES;
				GCC_WARN_ABOUT_RETURN_TYPE = YES_ERROR;
				GCC_WARN_UNDECLARED_SELECTOR = YES;
				GCC_WARN_UNINITIALIZED_AUTOS = YES_AGGRESSIVE;
				GCC_WARN_UNUSED_FUNCTION = YES;
				GCC_WARN_UNUSED_VARIABLE = YES;
				IPHONEOS_DEPLOYMENT_TARGET = 11.2;
				MTL_ENABLE_DEBUG_INFO = NO;
				SDKROOT = iphoneos;
				SWIFT_OPTIMIZATION_LEVEL = "-Owholemodule";
				VALIDATE_PRODUCT = YES;
			};
			name = Release;
		};
		43193B0320FD17F300BCD2FD /* Debug */ = {
			isa = XCBuildConfiguration;
			buildSettings = {
				ASSETCATALOG_COMPILER_APPICON_NAME = AppIcon;
				CODE_SIGN_STYLE = Automatic;
				DEVELOPMENT_TEAM = 4ADXY8287M;
				INFOPLIST_FILE = "codes>/Info.plist";
				LD_RUNPATH_SEARCH_PATHS = "$(inherited) @executable_path/Frameworks";
				PRODUCT_BUNDLE_IDENTIFIER = "JohnDetjen.codes-";
				PRODUCT_NAME = "$(TARGET_NAME)";
				SWIFT_VERSION = 4.0;
				TARGETED_DEVICE_FAMILY = "1,2";
			};
			name = Debug;
		};
		43193B0420FD17F300BCD2FD /* Release */ = {
			isa = XCBuildConfiguration;
			buildSettings = {
				ASSETCATALOG_COMPILER_APPICON_NAME = AppIcon;
				CODE_SIGN_STYLE = Automatic;
				DEVELOPMENT_TEAM = 4ADXY8287M;
				INFOPLIST_FILE = "codes>/Info.plist";
				LD_RUNPATH_SEARCH_PATHS = "$(inherited) @executable_path/Frameworks";
				PRODUCT_BUNDLE_IDENTIFIER = "JohnDetjen.codes-";
				PRODUCT_NAME = "$(TARGET_NAME)";
				SWIFT_VERSION = 4.0;
				TARGETED_DEVICE_FAMILY = "1,2";
			};
			name = Release;
		};
		43193B0620FD17F300BCD2FD /* Debug */ = {
			isa = XCBuildConfiguration;
			buildSettings = {
				ALWAYS_EMBED_SWIFT_STANDARD_LIBRARIES = YES;
				BUNDLE_LOADER = "$(TEST_HOST)";
				CODE_SIGN_STYLE = Automatic;
				INFOPLIST_FILE = "codes>Tests/Info.plist";
				LD_RUNPATH_SEARCH_PATHS = "$(inherited) @executable_path/Frameworks @loader_path/Frameworks";
				PRODUCT_BUNDLE_IDENTIFIER = "JohnDetjen.codes-Tests";
				PRODUCT_NAME = "$(TARGET_NAME)";
				SWIFT_VERSION = 4.0;
				TARGETED_DEVICE_FAMILY = "1,2";
				TEST_HOST = "$(BUILT_PRODUCTS_DIR)/codes>.app/codes>";
			};
			name = Debug;
		};
		43193B0720FD17F300BCD2FD /* Release */ = {
			isa = XCBuildConfiguration;
			buildSettings = {
				ALWAYS_EMBED_SWIFT_STANDARD_LIBRARIES = YES;
				BUNDLE_LOADER = "$(TEST_HOST)";
				CODE_SIGN_STYLE = Automatic;
				INFOPLIST_FILE = "codes>Tests/Info.plist";
				LD_RUNPATH_SEARCH_PATHS = "$(inherited) @executable_path/Frameworks @loader_path/Frameworks";
				PRODUCT_BUNDLE_IDENTIFIER = "JohnDetjen.codes-Tests";
				PRODUCT_NAME = "$(TARGET_NAME)";
				SWIFT_VERSION = 4.0;
				TARGETED_DEVICE_FAMILY = "1,2";
				TEST_HOST = "$(BUILT_PRODUCTS_DIR)/codes>.app/codes>";
			};
			name = Release;
		};
		43193B0920FD17F300BCD2FD /* Debug */ = {
			isa = XCBuildConfiguration;
			buildSettings = {
				ALWAYS_EMBED_SWIFT_STANDARD_LIBRARIES = YES;
				CODE_SIGN_STYLE = Automatic;
				INFOPLIST_FILE = "codes>UITests/Info.plist";
				LD_RUNPATH_SEARCH_PATHS = "$(inherited) @executable_path/Frameworks @loader_path/Frameworks";
				PRODUCT_BUNDLE_IDENTIFIER = "JohnDetjen.codes-UITests";
				PRODUCT_NAME = "$(TARGET_NAME)";
				SWIFT_VERSION = 4.0;
				TARGETED_DEVICE_FAMILY = "1,2";
				TEST_TARGET_NAME = "codes>";
			};
			name = Debug;
		};
		43193B0A20FD17F300BCD2FD /* Release */ = {
			isa = XCBuildConfiguration;
			buildSettings = {
				ALWAYS_EMBED_SWIFT_STANDARD_LIBRARIES = YES;
				CODE_SIGN_STYLE = Automatic;
				INFOPLIST_FILE = "codes>UITests/Info.plist";
				LD_RUNPATH_SEARCH_PATHS = "$(inherited) @executable_path/Frameworks @loader_path/Frameworks";
				PRODUCT_BUNDLE_IDENTIFIER = "JohnDetjen.codes-UITests";
				PRODUCT_NAME = "$(TARGET_NAME)";
				SWIFT_VERSION = 4.0;
				TARGETED_DEVICE_FAMILY = "1,2";
				TEST_TARGET_NAME = "codes>";
			};
			name = Release;
		};
/* End XCBuildConfiguration section */

/* Begin XCConfigurationList section */
		43193AD520FD17F300BCD2FD /* Build configuration list for PBXProject "codes>" */ = {
			isa = XCConfigurationList;
			buildConfigurations = (
				43193B0020FD17F300BCD2FD /* Debug */,
				43193B0120FD17F300BCD2FD /* Release */,
			);
			defaultConfigurationIsVisible = 0;
			defaultConfigurationName = Release;
		};
		43193B0220FD17F300BCD2FD /* Build configuration list for PBXNativeTarget "codes>" */ = {
			isa = XCConfigurationList;
			buildConfigurations = (
				43193B0320FD17F300BCD2FD /* Debug */,
				43193B0420FD17F300BCD2FD /* Release */,
			);
			defaultConfigurationIsVisible = 0;
			defaultConfigurationName = Release;
		};
		43193B0520FD17F300BCD2FD /* Build configuration list for PBXNativeTarget "codes>Tests" */ = {
			isa = XCConfigurationList;
			buildConfigurations = (
				43193B0620FD17F300BCD2FD /* Debug */,
				43193B0720FD17F300BCD2FD /* Release */,
			);
			defaultConfigurationIsVisible = 0;
			defaultConfigurationName = Release;
		};
		43193B0820FD17F300BCD2FD /* Build configuration list for PBXNativeTarget "codes>UITests" */ = {
			isa = XCConfigurationList;
			buildConfigurations = (
				43193B0920FD17F300BCD2FD /* Debug */,
				43193B0A20FD17F300BCD2FD /* Release */,
			);
			defaultConfigurationIsVisible = 0;
			defaultConfigurationName = Release;
		};
/* End XCConfigurationList section */
	};
	rootObject = 43193AD220FD17F300BCD2FD /* Project object */;
}
